Microsoft Visual Studio Solution File, Format Version 11.00
# Visual Studio 2008

Project("{F8CE395D-494A-29BD-CC19-405851FDCB0C}") = "FlightControl", "Assembly-CSharp.csproj", "{5C380D0E-1087-7BBC-F26F-A1F083415D8C}"
EndProject
Global
	GlobalSection(SolutionConfigurationPlatforms) = preSolution
		Debug|Any CPU = Debug|Any CPU
		Release|Any CPU = Release|Any CPU
	EndGlobalSection
	GlobalSection(ProjectConfigurationPlatforms) = postSolution
		{5C380D0E-1087-7BBC-F26F-A1F083415D8C}.Debug|Any CPU.ActiveCfg = Debug|Any CPU
		{5C380D0E-1087-7BBC-F26F-A1F083415D8C}.Debug|Any CPU.Build.0 = Debug|Any CPU
		{5C380D0E-1087-7BBC-F26F-A1F083415D8C}.Release|Any CPU.ActiveCfg = Release|Any CPU
		{5C380D0E-1087-7BBC-F26F-A1F083415D8C}.Release|Any CPU.Build.0 = Release|Any CPU
	EndGlobalSection
	GlobalSection(SolutionProperties) = preSolution
		HideSolutionNode = FALSE
	EndGlobalSection
	GlobalSection(MonoDevelopProperties) = preSolution
		StartupItem = Assembly-CSharp.csproj
	EndGlobalSection
EndGlobal
