Microsoft Visual Studio Solution File, Format Version 11.00
# Visual Studio 2008

Project("{34AB4CF0-A823-AC7E-E320-439D088A0B84}") = "Unity_Basic", "Assembly-CSharp.csproj", "{D5E0360D-1255-60E2-FC67-8413230A57FB}"
EndProject
Global
	GlobalSection(SolutionConfigurationPlatforms) = preSolution
		Debug|Any CPU = Debug|Any CPU
		Release|Any CPU = Release|Any CPU
	EndGlobalSection
	GlobalSection(ProjectConfigurationPlatforms) = postSolution
		{D5E0360D-1255-60E2-FC67-8413230A57FB}.Debug|Any CPU.ActiveCfg = Debug|Any CPU
		{D5E0360D-1255-60E2-FC67-8413230A57FB}.Debug|Any CPU.Build.0 = Debug|Any CPU
		{D5E0360D-1255-60E2-FC67-8413230A57FB}.Release|Any CPU.ActiveCfg = Release|Any CPU
		{D5E0360D-1255-60E2-FC67-8413230A57FB}.Release|Any CPU.Build.0 = Release|Any CPU
	EndGlobalSection
	GlobalSection(SolutionProperties) = preSolution
		HideSolutionNode = FALSE
	EndGlobalSection
	GlobalSection(MonoDevelopProperties) = preSolution
		StartupItem = Assembly-CSharp.csproj
	EndGlobalSection
EndGlobal
